
Microsoft Visual Studio Solution File, Format Version 12.00
# Visual Studio Version 16
VisualStudioVersion = 16.0.33529.622
MinimumVisualStudioVersion = 10.0.40219.1
Project("{FAE04EC0-301F-11D3-BF4B-00C04F79EFBC}") = "BibaScript", "BibaScript\BibaScript.csproj", "{E9F10480-7F40-4A51-9F34-F13E8DE30698}"
EndProject
Project("{FAE04EC0-301F-11D3-BF4B-00C04F79EFBC}") = "BeautifulСonsole", "BeautifulСonsole\BeautifulСonsole.csproj", "{2DCFFCAA-49AE-4EE6-B601-7F6B61CE3848}"
EndProject
Project("{FAE04EC0-301F-11D3-BF4B-00C04F79EFBC}") = "Interpreter", "InterpreterBibaScript\Interpreter.csproj", "{EED88EA9-89A2-4C73-A952-7D08EBEDBF1B}"
EndProject
Project("{FAE04EC0-301F-11D3-BF4B-00C04F79EFBC}") = "Syntax", "SyntaxBibaScript\Syntax.csproj", "{563DD99B-CA96-4D9F-A032-35079744CAE8}"
EndProject
Project("{FAE04EC0-301F-11D3-BF4B-00C04F79EFBC}") = "LogicCalculator", "LogicCalculator\LogicCalculator.csproj", "{51AD4B63-D89F-4CFF-9C22-C0C72830A979}"
EndProject
Project("{FAE04EC0-301F-11D3-BF4B-00C04F79EFBC}") = "View", "View\View.csproj", "{92A15F98-939E-46B9-B045-75114E79695D}"
EndProject
Global
	GlobalSection(SolutionConfigurationPlatforms) = preSolution
		Debug|Any CPU = Debug|Any CPU
		Release|Any CPU = Release|Any CPU
	EndGlobalSection
	GlobalSection(ProjectConfigurationPlatforms) = postSolution
		{E9F10480-7F40-4A51-9F34-F13E8DE30698}.Debug|Any CPU.ActiveCfg = Debug|Any CPU
		{E9F10480-7F40-4A51-9F34-F13E8DE30698}.Debug|Any CPU.Build.0 = Debug|Any CPU
		{E9F10480-7F40-4A51-9F34-F13E8DE30698}.Release|Any CPU.ActiveCfg = Release|Any CPU
		{E9F10480-7F40-4A51-9F34-F13E8DE30698}.Release|Any CPU.Build.0 = Release|Any CPU
		{2DCFFCAA-49AE-4EE6-B601-7F6B61CE3848}.Debug|Any CPU.ActiveCfg = Debug|Any CPU
		{2DCFFCAA-49AE-4EE6-B601-7F6B61CE3848}.Debug|Any CPU.Build.0 = Debug|Any CPU
		{2DCFFCAA-49AE-4EE6-B601-7F6B61CE3848}.Release|Any CPU.ActiveCfg = Release|Any CPU
		{2DCFFCAA-49AE-4EE6-B601-7F6B61CE3848}.Release|Any CPU.Build.0 = Release|Any CPU
		{EED88EA9-89A2-4C73-A952-7D08EBEDBF1B}.Debug|Any CPU.ActiveCfg = Debug|Any CPU
		{EED88EA9-89A2-4C73-A952-7D08EBEDBF1B}.Debug|Any CPU.Build.0 = Debug|Any CPU
		{EED88EA9-89A2-4C73-A952-7D08EBEDBF1B}.Release|Any CPU.ActiveCfg = Release|Any CPU
		{EED88EA9-89A2-4C73-A952-7D08EBEDBF1B}.Release|Any CPU.Build.0 = Release|Any CPU
		{563DD99B-CA96-4D9F-A032-35079744CAE8}.Debug|Any CPU.ActiveCfg = Debug|Any CPU
		{563DD99B-CA96-4D9F-A032-35079744CAE8}.Debug|Any CPU.Build.0 = Debug|Any CPU
		{563DD99B-CA96-4D9F-A032-35079744CAE8}.Release|Any CPU.ActiveCfg = Release|Any CPU
		{563DD99B-CA96-4D9F-A032-35079744CAE8}.Release|Any CPU.Build.0 = Release|Any CPU
		{51AD4B63-D89F-4CFF-9C22-C0C72830A979}.Debug|Any CPU.ActiveCfg = Debug|Any CPU
		{51AD4B63-D89F-4CFF-9C22-C0C72830A979}.Debug|Any CPU.Build.0 = Debug|Any CPU
		{51AD4B63-D89F-4CFF-9C22-C0C72830A979}.Release|Any CPU.ActiveCfg = Release|Any CPU
		{51AD4B63-D89F-4CFF-9C22-C0C72830A979}.Release|Any CPU.Build.0 = Release|Any CPU
		{92A15F98-939E-46B9-B045-75114E79695D}.Debug|Any CPU.ActiveCfg = Debug|Any CPU
		{92A15F98-939E-46B9-B045-75114E79695D}.Debug|Any CPU.Build.0 = Debug|Any CPU
		{92A15F98-939E-46B9-B045-75114E79695D}.Release|Any CPU.ActiveCfg = Release|Any CPU
		{92A15F98-939E-46B9-B045-75114E79695D}.Release|Any CPU.Build.0 = Release|Any CPU
	EndGlobalSection
	GlobalSection(SolutionProperties) = preSolution
		HideSolutionNode = FALSE
	EndGlobalSection
	GlobalSection(ExtensibilityGlobals) = postSolution
		SolutionGuid = {EF8F8235-D99C-4448-87D1-133B36C79F48}
	EndGlobalSection
EndGlobal
